{
    "_readme": [
        "This file locks the dependencies of your project to a known state",
        "Read more about it at http://getcomposer.org/doc/01-basic-usage.md#composer-lock-the-lock-file"
    ],
    "hash": "beade1c146ba7fa3a5feaa56b35110b7",
    "packages": [
        {
            "name": "lichtner/fluentpdo",
            "version": "dev-master",
            "source": {
                "type": "git",
                "url": "https://github.com/lichtner/fluentpdo.git",
                "reference": "4776f6597304e0b0feab562f0cc3650e443c9c5e"
            },
            "dist": {
                "type": "zip",
                "url": "https://api.github.com/repos/lichtner/fluentpdo/zipball/4776f6597304e0b0feab562f0cc3650e443c9c5e",
                "reference": "4776f6597304e0b0feab562f0cc3650e443c9c5e",
                "shasum": ""
            },
            "type": "library",
            "autoload": {
                "files": [
                    "FluentPDO/FluentPDO.php"
                ]
            },
            "notification-url": "https://packagist.org/downloads/",
            "license": [
                "Apache-2.0",
                "GPL-2.0+"
            ],
            "authors": [
                {
                    "name": "Marek Lichtner",
                    "homepage": "http://licht.sk/"
                }
            ],
            "description": "FluentPDO is small PHP library for rapid query building. Killer feature is smart join builder which generates joins automatically.",
            "homepage": "http://fluentpdo.com/",
            "keywords": [
                "database",
                "dbal",
                "pdo"
            ],
            "time": "2013-08-17 18:41:32"
        }
    ],
    "packages-dev": [

    ],
    "aliases": [

    ],
    "minimum-stability": "stable",
    "stability-flags": {
        "lichtner/fluentpdo": 20
    },
    "platform": {
        "php": ">=5.3.0"
    },
    "platform-dev": [

    ]
}
